{
    "_readme": [
        "This file locks the dependencies of your project to a known state",
        "Read more about it at https://getcomposer.org/doc/01-basic-usage.md#composer-lock-the-lock-file",
        "This file is @generated automatically"
    ],
    "hash": "f7f3a88c720481e7988db7f0d984499c",
    "content-hash": "28406d461c429911a66e78de63632a78",
    "packages": [
        {
            "name": "ctala/transaccion-default",
            "version": "V0.1.0",
            "source": {
                "type": "git",
                "url": "https://github.com/NAITUSEIRL/transaccion-default.git",
                "reference": "50b14620730ea70b12a68d21b1dc4c036430b431"
            },
            "dist": {
                "type": "zip",
                "url": "https://api.github.com/repos/NAITUSEIRL/transaccion-default/zipball/50b14620730ea70b12a68d21b1dc4c036430b431",
                "reference": "50b14620730ea70b12a68d21b1dc4c036430b431",
                "shasum": ""
            },
            "type": "library",
            "autoload": {
                "psr-4": {
                    "ctala\\transaccion\\": ""
                }
            },
            "notification-url": "https://packagist.org/downloads/",
            "license": [
                "MIT"
            ],
            "authors": [
                {
                    "name": "Cristian Tala Sanchez",
                    "email": "yomismo@cristiantala.cl"
                }
            ],
            "description": "Libreria base para generar transacciones con TBKAAS",
            "keywords": [
                " libreria",
                "extension"
            ],
            "time": "2016-08-24 13:54:37"
        },
        {
            "name": "paragonie/random_compat",
            "version": "v2.0.2",
            "source": {
                "type": "git",
                "url": "https://github.com/paragonie/random_compat.git",
                "reference": "088c04e2f261c33bed6ca5245491cfca69195ccf"
            },
            "dist": {
                "type": "zip",
                "url": "https://api.github.com/repos/paragonie/random_compat/zipball/088c04e2f261c33bed6ca5245491cfca69195ccf",
                "reference": "088c04e2f261c33bed6ca5245491cfca69195ccf",
                "shasum": ""
            },
            "require": {
                "php": ">=5.2.0"
            },
            "require-dev": {
                "phpunit/phpunit": "4.*|5.*"
            },
            "suggest": {
                "ext-libsodium": "Provides a modern crypto API that can be used to generate random bytes."
            },
            "type": "library",
            "autoload": {
                "files": [
                    "lib/random.php"
                ]
            },
            "notification-url": "https://packagist.org/downloads/",
            "license": [
                "MIT"
            ],
            "authors": [
                {
                    "name": "Paragon Initiative Enterprises",
                    "email": "security@paragonie.com",
                    "homepage": "https://paragonie.com"
                }
            ],
            "description": "PHP 5.x polyfill for random_bytes() and random_int() from PHP 7",
            "keywords": [
                "csprng",
                "pseudorandom",
                "random"
            ],
            "time": "2016-04-03 06:00:07"
        }
    ],
    "packages-dev": [],
    "aliases": [],
    "minimum-stability": "stable",
    "stability-flags": [],
    "prefer-stable": false,
    "prefer-lowest": false,
    "platform": {
        "php": ">=5.4.0"
    },
    "platform-dev": []
}
